
Microsoft Visual Studio Solution File, Format Version 12.00
# Visual Studio Version 16
VisualStudioVersion = 16.0.29102.190
MinimumVisualStudioVersion = 10.0.40219.1
Project("{FAE04EC0-301F-11D3-BF4B-00C04F79EFBC}") = "APD Prject", "APD Prject\APD Prject.csproj", "{B060E5C0-0A28-491F-879F-2AB8B192F8EB}"
EndProject
Global
	GlobalSection(SolutionConfigurationPlatforms) = preSolution
		Debug|Any CPU = Debug|Any CPU
		Release|Any CPU = Release|Any CPU
	EndGlobalSection
	GlobalSection(ProjectConfigurationPlatforms) = postSolution
		{B060E5C0-0A28-491F-879F-2AB8B192F8EB}.Debug|Any CPU.ActiveCfg = Debug|Any CPU
		{B060E5C0-0A28-491F-879F-2AB8B192F8EB}.Debug|Any CPU.Build.0 = Debug|Any CPU
		{B060E5C0-0A28-491F-879F-2AB8B192F8EB}.Release|Any CPU.ActiveCfg = Release|Any CPU
		{B060E5C0-0A28-491F-879F-2AB8B192F8EB}.Release|Any CPU.Build.0 = Release|Any CPU
	EndGlobalSection
	GlobalSection(SolutionProperties) = preSolution
		HideSolutionNode = FALSE
	EndGlobalSection
	GlobalSection(ExtensibilityGlobals) = postSolution
		SolutionGuid = {3EDFFA00-3ED9-4ACD-A61F-51DA46A9B051}
	EndGlobalSection
EndGlobal
